
Microsoft Visual Studio Solution File, Format Version 12.00
# Visual Studio Version 16
VisualStudioVersion = 16.0.31112.23
MinimumVisualStudioVersion = 10.0.40219.1
Project("{9A19103F-16F7-4668-BE54-9A1E7A4F7556}") = "Exercise", "Exercise\Exercise.csproj", "{F823B2F3-143C-4B23-A8CD-8045263FF6F8}"
EndProject
Project("{FAE04EC0-301F-11D3-BF4B-00C04F79EFBC}") = "Models", "Models\Models.csproj", "{D9974402-68E4-4263-A8EF-D58AF05C9378}"
EndProject
Global
	GlobalSection(SolutionConfigurationPlatforms) = preSolution
		Debug|Any CPU = Debug|Any CPU
		Release|Any CPU = Release|Any CPU
	EndGlobalSection
	GlobalSection(ProjectConfigurationPlatforms) = postSolution
		{F823B2F3-143C-4B23-A8CD-8045263FF6F8}.Debug|Any CPU.ActiveCfg = Debug|Any CPU
		{F823B2F3-143C-4B23-A8CD-8045263FF6F8}.Debug|Any CPU.Build.0 = Debug|Any CPU
		{F823B2F3-143C-4B23-A8CD-8045263FF6F8}.Release|Any CPU.ActiveCfg = Release|Any CPU
		{F823B2F3-143C-4B23-A8CD-8045263FF6F8}.Release|Any CPU.Build.0 = Release|Any CPU
		{D9974402-68E4-4263-A8EF-D58AF05C9378}.Debug|Any CPU.ActiveCfg = Debug|Any CPU
		{D9974402-68E4-4263-A8EF-D58AF05C9378}.Debug|Any CPU.Build.0 = Debug|Any CPU
		{D9974402-68E4-4263-A8EF-D58AF05C9378}.Release|Any CPU.ActiveCfg = Release|Any CPU
		{D9974402-68E4-4263-A8EF-D58AF05C9378}.Release|Any CPU.Build.0 = Release|Any CPU
	EndGlobalSection
	GlobalSection(SolutionProperties) = preSolution
		HideSolutionNode = FALSE
	EndGlobalSection
	GlobalSection(ExtensibilityGlobals) = postSolution
		SolutionGuid = {1C086852-231D-4C56-AC23-0A5A2F711223}
	EndGlobalSection
EndGlobal
