
Microsoft Visual Studio Solution File, Format Version 12.00
# Visual Studio Version 16
VisualStudioVersion = 16.0.31112.23
MinimumVisualStudioVersion = 10.0.40219.1
Project("{FAE04EC0-301F-11D3-BF4B-00C04F79EFBC}") = "AgeCalculator", "AgeCalculator\AgeCalculator.csproj", "{403387EB-C5FE-4FD9-A963-633C59C31FCB}"
EndProject
Global
	GlobalSection(SolutionConfigurationPlatforms) = preSolution
		Debug|Any CPU = Debug|Any CPU
		Release|Any CPU = Release|Any CPU
	EndGlobalSection
	GlobalSection(ProjectConfigurationPlatforms) = postSolution
		{403387EB-C5FE-4FD9-A963-633C59C31FCB}.Debug|Any CPU.ActiveCfg = Debug|Any CPU
		{403387EB-C5FE-4FD9-A963-633C59C31FCB}.Debug|Any CPU.Build.0 = Debug|Any CPU
		{403387EB-C5FE-4FD9-A963-633C59C31FCB}.Release|Any CPU.ActiveCfg = Release|Any CPU
		{403387EB-C5FE-4FD9-A963-633C59C31FCB}.Release|Any CPU.Build.0 = Release|Any CPU
	EndGlobalSection
	GlobalSection(SolutionProperties) = preSolution
		HideSolutionNode = FALSE
	EndGlobalSection
	GlobalSection(ExtensibilityGlobals) = postSolution
		SolutionGuid = {FC691B2D-E663-4B38-9C2E-7805A992EA10}
	EndGlobalSection
EndGlobal
